
Microsoft Visual Studio Solution File, Format Version 10.00
# Visual Studio 2008
Project("{8BC9CEB8-8B4A-11D0-8D11-00A0C91BC942}") = "mqc_client", "mqc_client\mqc_client.vcproj", "{A9A8B680-78D3-42E3-AD35-E806FBDEC64E}"
EndProject
Global
	GlobalSection(SolutionConfigurationPlatforms) = preSolution
		Debug|Win32 = Debug|Win32
		Release|Win32 = Release|Win32
	EndGlobalSection
	GlobalSection(ProjectConfigurationPlatforms) = postSolution
		{A9A8B680-78D3-42E3-AD35-E806FBDEC64E}.Debug|Win32.ActiveCfg = Debug|Win32
		{A9A8B680-78D3-42E3-AD35-E806FBDEC64E}.Debug|Win32.Build.0 = Debug|Win32
		{A9A8B680-78D3-42E3-AD35-E806FBDEC64E}.Release|Win32.ActiveCfg = Release|Win32
		{A9A8B680-78D3-42E3-AD35-E806FBDEC64E}.Release|Win32.Build.0 = Release|Win32
	EndGlobalSection
	GlobalSection(SolutionProperties) = preSolution
		HideSolutionNode = FALSE
	EndGlobalSection
EndGlobal
